
Microsoft Visual Studio Solution File, Format Version 12.00
# Visual Studio Version 17
VisualStudioVersion = 17.0.31903.59
MinimumVisualStudioVersion = 10.0.40219.1
Project("{2150E333-8FDC-42A3-9474-1A3956D46DE8}") = "src", "src", "{6A467EC0-BC5A-4183-88CC-05FBE7EA3EBE}"
EndProject
Project("{FAE04EC0-301F-11D3-BF4B-00C04F79EFBC}") = "PublicApi", "src\PublicApi\PublicApi.csproj", "{F0DEC9E9-C0C4-475A-9BC3-5CBA8E5ED983}"
EndProject
Project("{2150E333-8FDC-42A3-9474-1A3956D46DE8}") = "tests", "tests", "{C6974B23-1B34-46EA-B863-8B9742E0069E}"
EndProject
Project("{FAE04EC0-301F-11D3-BF4B-00C04F79EFBC}") = "UnitTests", "tests\UnitTests\UnitTests.csproj", "{B0DA3DD0-591C-4B55-A854-1DA0F2562AB3}"
EndProject
Global
	GlobalSection(SolutionConfigurationPlatforms) = preSolution
		Debug|Any CPU = Debug|Any CPU
		Release|Any CPU = Release|Any CPU
	EndGlobalSection
	GlobalSection(SolutionProperties) = preSolution
		HideSolutionNode = FALSE
	EndGlobalSection
	GlobalSection(ProjectConfigurationPlatforms) = postSolution
		{F0DEC9E9-C0C4-475A-9BC3-5CBA8E5ED983}.Debug|Any CPU.ActiveCfg = Debug|Any CPU
		{F0DEC9E9-C0C4-475A-9BC3-5CBA8E5ED983}.Debug|Any CPU.Build.0 = Debug|Any CPU
		{F0DEC9E9-C0C4-475A-9BC3-5CBA8E5ED983}.Release|Any CPU.ActiveCfg = Release|Any CPU
		{F0DEC9E9-C0C4-475A-9BC3-5CBA8E5ED983}.Release|Any CPU.Build.0 = Release|Any CPU
		{B0DA3DD0-591C-4B55-A854-1DA0F2562AB3}.Debug|Any CPU.ActiveCfg = Debug|Any CPU
		{B0DA3DD0-591C-4B55-A854-1DA0F2562AB3}.Debug|Any CPU.Build.0 = Debug|Any CPU
		{B0DA3DD0-591C-4B55-A854-1DA0F2562AB3}.Release|Any CPU.ActiveCfg = Release|Any CPU
		{B0DA3DD0-591C-4B55-A854-1DA0F2562AB3}.Release|Any CPU.Build.0 = Release|Any CPU
	EndGlobalSection
	GlobalSection(NestedProjects) = preSolution
		{F0DEC9E9-C0C4-475A-9BC3-5CBA8E5ED983} = {6A467EC0-BC5A-4183-88CC-05FBE7EA3EBE}
		{B0DA3DD0-591C-4B55-A854-1DA0F2562AB3} = {C6974B23-1B34-46EA-B863-8B9742E0069E}
	EndGlobalSection
EndGlobal
